{
  "originHash" : "c7ace2b62649ad182814142fd555adda640885d3c0b8d93c30bc7641b5961b50",
  "pins" : [
    {
      "identity" : "e5data",
      "kind" : "remoteSourceControl",
      "location" : "https://git.elbe5cloud.de/miro/E5Data",
      "state" : {
        "revision" : "c1a53b09b7750a1ba6b1356ca9342ab2d531f45e",
        "version" : "1.0.26"
      }
    },
    {
      "identity" : "e5iosui",
      "kind" : "remoteSourceControl",
      "location" : "https://git.elbe5cloud.de/miro/E5IOSUI",
      "state" : {
        "revision" : "5c518049b6a673cd6bd2c76f1d72b6d2e6f490e4",
        "version" : "1.0.14"
      }
    },
    {
      "identity" : "e5photolib",
      "kind" : "remoteSourceControl",
      "location" : "https://git.elbe5cloud.de/miro/E5PhotoLib",
      "state" : {
        "revision" : "d568867b6be2bdc5460b809aa62468203b3bc5ec",
        "version" : "1.0.0"
      }
    }
  ],
  "version" : 3
}
